
Microsoft Visual Studio Solution File, Format Version 12.00
# Visual Studio Version 17
VisualStudioVersion = 17.14.36414.22 d17.14
MinimumVisualStudioVersion = 10.0.40219.1
Project("{FAE04EC0-301F-11D3-BF4B-00C04F79EFBC}") = "studyplanner", "studyplanner.csproj", "{D1156076-FE31-4F26-8970-60FD9764AF22}"
EndProject
Global
	GlobalSection(SolutionConfigurationPlatforms) = preSolution
		Debug|Any CPU = Debug|Any CPU
		Release|Any CPU = Release|Any CPU
	EndGlobalSection
	GlobalSection(ProjectConfigurationPlatforms) = postSolution
		{D1156076-FE31-4F26-8970-60FD9764AF22}.Debug|Any CPU.ActiveCfg = Debug|Any CPU
		{D1156076-FE31-4F26-8970-60FD9764AF22}.Debug|Any CPU.Build.0 = Debug|Any CPU
		{D1156076-FE31-4F26-8970-60FD9764AF22}.Release|Any CPU.ActiveCfg = Release|Any CPU
		{D1156076-FE31-4F26-8970-60FD9764AF22}.Release|Any CPU.Build.0 = Release|Any CPU
	EndGlobalSection
	GlobalSection(SolutionProperties) = preSolution
		HideSolutionNode = FALSE
	EndGlobalSection
	GlobalSection(ExtensibilityGlobals) = postSolution
		SolutionGuid = {8E39B166-C7FD-4704-B563-2CDDA80A89C7}
	EndGlobalSection
EndGlobal
